
Microsoft Visual Studio Solution File, Format Version 12.00
# Visual Studio 15
Project("{FAE04EC0-301F-11D3-BF4B-00C04F79EFBC}") = "Assembly-CSharp", "Assembly-CSharp.csproj", "{1DDB2F5F-1DBD-A7D0-1D39-C49A01B70B2E}"
EndProject
Project("{FAE04EC0-301F-11D3-BF4B-00C04F79EFBC}") = "Assembly-CSharp-firstpass", "Assembly-CSharp-firstpass.csproj", "{AD45EE0B-2B7D-92B7-DFA0-BCD972B46C27}"
EndProject
Project("{FAE04EC0-301F-11D3-BF4B-00C04F79EFBC}") = "Assembly-CSharp-Editor-firstpass", "Assembly-CSharp-Editor-firstpass.csproj", "{35E77657-E8E4-528D-6E50-1F9A5ECE6ED0}"
EndProject
Global
	GlobalSection(SolutionConfigurationPlatforms) = preSolution
		Debug|Any CPU = Debug|Any CPU
		Release|Any CPU = Release|Any CPU
	EndGlobalSection
	GlobalSection(ProjectConfigurationPlatforms) = postSolution
		{1DDB2F5F-1DBD-A7D0-1D39-C49A01B70B2E}.Debug|Any CPU.ActiveCfg = Debug|Any CPU
		{1DDB2F5F-1DBD-A7D0-1D39-C49A01B70B2E}.Debug|Any CPU.Build.0 = Debug|Any CPU
		{1DDB2F5F-1DBD-A7D0-1D39-C49A01B70B2E}.Release|Any CPU.ActiveCfg = Release|Any CPU
		{1DDB2F5F-1DBD-A7D0-1D39-C49A01B70B2E}.Release|Any CPU.Build.0 = Release|Any CPU
		{AD45EE0B-2B7D-92B7-DFA0-BCD972B46C27}.Debug|Any CPU.ActiveCfg = Debug|Any CPU
		{AD45EE0B-2B7D-92B7-DFA0-BCD972B46C27}.Debug|Any CPU.Build.0 = Debug|Any CPU
		{AD45EE0B-2B7D-92B7-DFA0-BCD972B46C27}.Release|Any CPU.ActiveCfg = Release|Any CPU
		{AD45EE0B-2B7D-92B7-DFA0-BCD972B46C27}.Release|Any CPU.Build.0 = Release|Any CPU
		{35E77657-E8E4-528D-6E50-1F9A5ECE6ED0}.Debug|Any CPU.ActiveCfg = Debug|Any CPU
		{35E77657-E8E4-528D-6E50-1F9A5ECE6ED0}.Debug|Any CPU.Build.0 = Debug|Any CPU
		{35E77657-E8E4-528D-6E50-1F9A5ECE6ED0}.Release|Any CPU.ActiveCfg = Release|Any CPU
		{35E77657-E8E4-528D-6E50-1F9A5ECE6ED0}.Release|Any CPU.Build.0 = Release|Any CPU
	EndGlobalSection
	GlobalSection(SolutionProperties) = preSolution
		HideSolutionNode = FALSE
	EndGlobalSection
EndGlobal
